
Microsoft Visual Studio Solution File, Format Version 12.00
# Visual Studio Version 17
VisualStudioVersion = 17.5.33530.505
MinimumVisualStudioVersion = 10.0.40219.1
Project("{2150E333-8FDC-42A3-9474-1A3956D46DE8}") = "src", "src", "{11EBADBE-AE92-486C-B707-8760966C8DA8}"
EndProject
Project("{2150E333-8FDC-42A3-9474-1A3956D46DE8}") = "backend", "backend", "{6DEFD66A-CFDD-45A0-9F7D-8C6183990E2F}"
EndProject
Project("{2150E333-8FDC-42A3-9474-1A3956D46DE8}") = "core", "core", "{593A3CB7-AF61-4B06-B91E-7CC87A80669D}"
EndProject
Project("{2150E333-8FDC-42A3-9474-1A3956D46DE8}") = "persistence", "persistence", "{E84F93E3-743C-424E-A52A-216B60501FF2}"
EndProject
Project("{2150E333-8FDC-42A3-9474-1A3956D46DE8}") = "presentation", "presentation", "{69F7276C-9E65-4A0A-BB4B-6F1757A47040}"
EndProject
Project("{FAE04EC0-301F-11D3-BF4B-00C04F79EFBC}") = "ACX.Domain", "src\backend\core\ACX.Domain\ACX.Domain.csproj", "{9DA80DD1-C4D4-4D66-8E6E-D84218082589}"
EndProject
Project("{FAE04EC0-301F-11D3-BF4B-00C04F79EFBC}") = "ACX.Application", "src\backend\core\ACX.Application\ACX.Application.csproj", "{8652AAE4-FE56-4413-B4CD-80B8F26F5071}"
EndProject
Global
	GlobalSection(SolutionConfigurationPlatforms) = preSolution
		Debug|Any CPU = Debug|Any CPU
		Release|Any CPU = Release|Any CPU
	EndGlobalSection
	GlobalSection(ProjectConfigurationPlatforms) = postSolution
		{9DA80DD1-C4D4-4D66-8E6E-D84218082589}.Debug|Any CPU.ActiveCfg = Debug|Any CPU
		{9DA80DD1-C4D4-4D66-8E6E-D84218082589}.Debug|Any CPU.Build.0 = Debug|Any CPU
		{9DA80DD1-C4D4-4D66-8E6E-D84218082589}.Release|Any CPU.ActiveCfg = Release|Any CPU
		{9DA80DD1-C4D4-4D66-8E6E-D84218082589}.Release|Any CPU.Build.0 = Release|Any CPU
		{8652AAE4-FE56-4413-B4CD-80B8F26F5071}.Debug|Any CPU.ActiveCfg = Debug|Any CPU
		{8652AAE4-FE56-4413-B4CD-80B8F26F5071}.Debug|Any CPU.Build.0 = Debug|Any CPU
		{8652AAE4-FE56-4413-B4CD-80B8F26F5071}.Release|Any CPU.ActiveCfg = Release|Any CPU
		{8652AAE4-FE56-4413-B4CD-80B8F26F5071}.Release|Any CPU.Build.0 = Release|Any CPU
	EndGlobalSection
	GlobalSection(SolutionProperties) = preSolution
		HideSolutionNode = FALSE
	EndGlobalSection
	GlobalSection(NestedProjects) = preSolution
		{6DEFD66A-CFDD-45A0-9F7D-8C6183990E2F} = {11EBADBE-AE92-486C-B707-8760966C8DA8}
		{593A3CB7-AF61-4B06-B91E-7CC87A80669D} = {6DEFD66A-CFDD-45A0-9F7D-8C6183990E2F}
		{E84F93E3-743C-424E-A52A-216B60501FF2} = {6DEFD66A-CFDD-45A0-9F7D-8C6183990E2F}
		{69F7276C-9E65-4A0A-BB4B-6F1757A47040} = {6DEFD66A-CFDD-45A0-9F7D-8C6183990E2F}
		{9DA80DD1-C4D4-4D66-8E6E-D84218082589} = {593A3CB7-AF61-4B06-B91E-7CC87A80669D}
		{8652AAE4-FE56-4413-B4CD-80B8F26F5071} = {593A3CB7-AF61-4B06-B91E-7CC87A80669D}
	EndGlobalSection
	GlobalSection(ExtensibilityGlobals) = postSolution
		SolutionGuid = {C86E8618-BAF0-41C2-9CED-4816D0CEE6E2}
	EndGlobalSection
EndGlobal
